
Microsoft Visual Studio Solution File, Format Version 12.00
# Visual Studio Version 17
VisualStudioVersion = 17.0.31903.59
MinimumVisualStudioVersion = 10.0.40219.1
Project("{FAE04EC0-301F-11D3-BF4B-00C04F79EFBC}") = "Notepad.API", "Notepad.API\Notepad.API.csproj", "{CF00C67D-E38B-437D-9A8F-B15A0F7CDCC1}"
EndProject
Project("{FAE04EC0-301F-11D3-BF4B-00C04F79EFBC}") = "Notepad.Data", "Notepad.Data\Notepad.Data.csproj", "{E7E2CDA9-036A-4671-A3A9-B21614F33386}"
EndProject
Project("{FAE04EC0-301F-11D3-BF4B-00C04F79EFBC}") = "Notepad.Service", "Notepad.Service\Notepad.Service.csproj", "{68C94FC9-4D01-48FC-AF87-ADFE0BACEDCE}"
EndProject
Global
	GlobalSection(SolutionConfigurationPlatforms) = preSolution
		Debug|Any CPU = Debug|Any CPU
		Release|Any CPU = Release|Any CPU
	EndGlobalSection
	GlobalSection(SolutionProperties) = preSolution
		HideSolutionNode = FALSE
	EndGlobalSection
	GlobalSection(ProjectConfigurationPlatforms) = postSolution
		{CF00C67D-E38B-437D-9A8F-B15A0F7CDCC1}.Debug|Any CPU.ActiveCfg = Debug|Any CPU
		{CF00C67D-E38B-437D-9A8F-B15A0F7CDCC1}.Debug|Any CPU.Build.0 = Debug|Any CPU
		{CF00C67D-E38B-437D-9A8F-B15A0F7CDCC1}.Release|Any CPU.ActiveCfg = Release|Any CPU
		{CF00C67D-E38B-437D-9A8F-B15A0F7CDCC1}.Release|Any CPU.Build.0 = Release|Any CPU
		{E7E2CDA9-036A-4671-A3A9-B21614F33386}.Debug|Any CPU.ActiveCfg = Debug|Any CPU
		{E7E2CDA9-036A-4671-A3A9-B21614F33386}.Debug|Any CPU.Build.0 = Debug|Any CPU
		{E7E2CDA9-036A-4671-A3A9-B21614F33386}.Release|Any CPU.ActiveCfg = Release|Any CPU
		{E7E2CDA9-036A-4671-A3A9-B21614F33386}.Release|Any CPU.Build.0 = Release|Any CPU
		{68C94FC9-4D01-48FC-AF87-ADFE0BACEDCE}.Debug|Any CPU.ActiveCfg = Debug|Any CPU
		{68C94FC9-4D01-48FC-AF87-ADFE0BACEDCE}.Debug|Any CPU.Build.0 = Debug|Any CPU
		{68C94FC9-4D01-48FC-AF87-ADFE0BACEDCE}.Release|Any CPU.ActiveCfg = Release|Any CPU
		{68C94FC9-4D01-48FC-AF87-ADFE0BACEDCE}.Release|Any CPU.Build.0 = Release|Any CPU
	EndGlobalSection
EndGlobal
